
Microsoft Visual Studio Solution File, Format Version 12.00
# Visual Studio Version 16
VisualStudioVersion = 16.0.31624.102
MinimumVisualStudioVersion = 10.0.40219.1
Project("{9A19103F-16F7-4668-BE54-9A1E7A4F7556}") = "WebApplicationFundamentals", "WebApplicationFundamentals\WebApplicationFundamentals.csproj", "{6C0C094D-77A9-4DFB-B693-9EB960D64E0E}"
EndProject
Project("{9A19103F-16F7-4668-BE54-9A1E7A4F7556}") = "ConfiguringMvcApplication", "ConfiguringMvcApplication\ConfiguringMvcApplication.csproj", "{5AB15ADF-0D1B-48F7-9FAA-9D1C44B3383E}"
EndProject
Project("{2150E333-8FDC-42A3-9474-1A3956D46DE8}") = "Notes", "Notes", "{E66D3498-3731-4F06-854A-6A4207661803}"
	ProjectSection(SolutionItems) = preProject
		Notes.txt = Notes.txt
	EndProjectSection
EndProject
Project("{9A19103F-16F7-4668-BE54-9A1E7A4F7556}") = "DataPassingTechniquesApplication", "DataPassingTechniquesApplication\DataPassingTechniquesApplication.csproj", "{B741CBAA-6E9B-411B-A178-B86FE71BD2D5}"
EndProject
Project("{9A19103F-16F7-4668-BE54-9A1E7A4F7556}") = "coreMVCRepositoryDepdencyInjectionApplication", "coreMVCRepositoryDepdencyInjectionApplication\coreMVCRepositoryDepdencyInjectionApplication.csproj", "{7B2EA39F-92E6-4ABC-8AAF-3A80F0A446A6}"
EndProject
Project("{9A19103F-16F7-4668-BE54-9A1E7A4F7556}") = "coreViewModelApplication", "coreViewModelApplication\coreViewModelApplication.csproj", "{97A082D5-33A5-4157-86B4-AA4394D9C931}"
EndProject
Project("{9A19103F-16F7-4668-BE54-9A1E7A4F7556}") = "CodeFirstApproachApplication", "CodeFirstApproachApplication\CodeFirstApproachApplication.csproj", "{2207B6BB-7FB1-404A-8A64-83A9C543E747}"
EndProject
Project("{9A19103F-16F7-4668-BE54-9A1E7A4F7556}") = "coreCodeFirstRelationshipsApplications", "coreCodeFirstRelationshipsApplications\coreCodeFirstRelationshipsApplications.csproj", "{AED11259-EEEE-47A3-932E-0F5900558876}"
EndProject
Project("{FAE04EC0-301F-11D3-BF4B-00C04F79EFBC}") = "coreDatabaseFirstApproachApplication", "coreDatabaseFirstApproachApplication\coreDatabaseFirstApproachApplication.csproj", "{7B3957FC-366F-4447-A35E-E1E02394221A}"
EndProject
Project("{FAE04EC0-301F-11D3-BF4B-00C04F79EFBC}") = "coreWebAPIFundamentals", "coreWebAPIFundamentals\coreWebAPIFundamentals.csproj", "{E293D261-0A36-43BE-8509-577A895CD9F2}"
EndProject
Global
	GlobalSection(SolutionConfigurationPlatforms) = preSolution
		Debug|Any CPU = Debug|Any CPU
		Release|Any CPU = Release|Any CPU
	EndGlobalSection
	GlobalSection(ProjectConfigurationPlatforms) = postSolution
		{6C0C094D-77A9-4DFB-B693-9EB960D64E0E}.Debug|Any CPU.ActiveCfg = Debug|Any CPU
		{6C0C094D-77A9-4DFB-B693-9EB960D64E0E}.Debug|Any CPU.Build.0 = Debug|Any CPU
		{6C0C094D-77A9-4DFB-B693-9EB960D64E0E}.Release|Any CPU.ActiveCfg = Release|Any CPU
		{6C0C094D-77A9-4DFB-B693-9EB960D64E0E}.Release|Any CPU.Build.0 = Release|Any CPU
		{5AB15ADF-0D1B-48F7-9FAA-9D1C44B3383E}.Debug|Any CPU.ActiveCfg = Debug|Any CPU
		{5AB15ADF-0D1B-48F7-9FAA-9D1C44B3383E}.Debug|Any CPU.Build.0 = Debug|Any CPU
		{5AB15ADF-0D1B-48F7-9FAA-9D1C44B3383E}.Release|Any CPU.ActiveCfg = Release|Any CPU
		{5AB15ADF-0D1B-48F7-9FAA-9D1C44B3383E}.Release|Any CPU.Build.0 = Release|Any CPU
		{B741CBAA-6E9B-411B-A178-B86FE71BD2D5}.Debug|Any CPU.ActiveCfg = Debug|Any CPU
		{B741CBAA-6E9B-411B-A178-B86FE71BD2D5}.Debug|Any CPU.Build.0 = Debug|Any CPU
		{B741CBAA-6E9B-411B-A178-B86FE71BD2D5}.Release|Any CPU.ActiveCfg = Release|Any CPU
		{B741CBAA-6E9B-411B-A178-B86FE71BD2D5}.Release|Any CPU.Build.0 = Release|Any CPU
		{7B2EA39F-92E6-4ABC-8AAF-3A80F0A446A6}.Debug|Any CPU.ActiveCfg = Debug|Any CPU
		{7B2EA39F-92E6-4ABC-8AAF-3A80F0A446A6}.Debug|Any CPU.Build.0 = Debug|Any CPU
		{7B2EA39F-92E6-4ABC-8AAF-3A80F0A446A6}.Release|Any CPU.ActiveCfg = Release|Any CPU
		{7B2EA39F-92E6-4ABC-8AAF-3A80F0A446A6}.Release|Any CPU.Build.0 = Release|Any CPU
		{97A082D5-33A5-4157-86B4-AA4394D9C931}.Debug|Any CPU.ActiveCfg = Debug|Any CPU
		{97A082D5-33A5-4157-86B4-AA4394D9C931}.Debug|Any CPU.Build.0 = Debug|Any CPU
		{97A082D5-33A5-4157-86B4-AA4394D9C931}.Release|Any CPU.ActiveCfg = Release|Any CPU
		{97A082D5-33A5-4157-86B4-AA4394D9C931}.Release|Any CPU.Build.0 = Release|Any CPU
		{2207B6BB-7FB1-404A-8A64-83A9C543E747}.Debug|Any CPU.ActiveCfg = Debug|Any CPU
		{2207B6BB-7FB1-404A-8A64-83A9C543E747}.Debug|Any CPU.Build.0 = Debug|Any CPU
		{2207B6BB-7FB1-404A-8A64-83A9C543E747}.Release|Any CPU.ActiveCfg = Release|Any CPU
		{2207B6BB-7FB1-404A-8A64-83A9C543E747}.Release|Any CPU.Build.0 = Release|Any CPU
		{AED11259-EEEE-47A3-932E-0F5900558876}.Debug|Any CPU.ActiveCfg = Debug|Any CPU
		{AED11259-EEEE-47A3-932E-0F5900558876}.Debug|Any CPU.Build.0 = Debug|Any CPU
		{AED11259-EEEE-47A3-932E-0F5900558876}.Release|Any CPU.ActiveCfg = Release|Any CPU
		{AED11259-EEEE-47A3-932E-0F5900558876}.Release|Any CPU.Build.0 = Release|Any CPU
		{7B3957FC-366F-4447-A35E-E1E02394221A}.Debug|Any CPU.ActiveCfg = Debug|Any CPU
		{7B3957FC-366F-4447-A35E-E1E02394221A}.Debug|Any CPU.Build.0 = Debug|Any CPU
		{7B3957FC-366F-4447-A35E-E1E02394221A}.Release|Any CPU.ActiveCfg = Release|Any CPU
		{7B3957FC-366F-4447-A35E-E1E02394221A}.Release|Any CPU.Build.0 = Release|Any CPU
		{E293D261-0A36-43BE-8509-577A895CD9F2}.Debug|Any CPU.ActiveCfg = Debug|Any CPU
		{E293D261-0A36-43BE-8509-577A895CD9F2}.Debug|Any CPU.Build.0 = Debug|Any CPU
		{E293D261-0A36-43BE-8509-577A895CD9F2}.Release|Any CPU.ActiveCfg = Release|Any CPU
		{E293D261-0A36-43BE-8509-577A895CD9F2}.Release|Any CPU.Build.0 = Release|Any CPU
	EndGlobalSection
	GlobalSection(SolutionProperties) = preSolution
		HideSolutionNode = FALSE
	EndGlobalSection
	GlobalSection(ExtensibilityGlobals) = postSolution
		SolutionGuid = {AA8FCC01-71CA-4DE0-99E6-9BA4E25F23A7}
	EndGlobalSection
EndGlobal
